
Microsoft Visual Studio Solution File, Format Version 12.00
# Visual Studio Version 16
VisualStudioVersion = 16.0.31729.503
MinimumVisualStudioVersion = 10.0.40219.1
Project("{8BC9CEB8-8B4A-11D0-8D11-00A0C91BC942}") = "hw1", "hw1.vcxproj", "{DAADE705-CA8E-454B-8ED8-E6738E96D559}"
EndProject
Global
	GlobalSection(SolutionConfigurationPlatforms) = preSolution
		Debug|x64 = Debug|x64
		Debug|x86 = Debug|x86
		Release|x64 = Release|x64
		Release|x86 = Release|x86
	EndGlobalSection
	GlobalSection(ProjectConfigurationPlatforms) = postSolution
		{DAADE705-CA8E-454B-8ED8-E6738E96D559}.Debug|x64.ActiveCfg = Debug|x64
		{DAADE705-CA8E-454B-8ED8-E6738E96D559}.Debug|x64.Build.0 = Debug|x64
		{DAADE705-CA8E-454B-8ED8-E6738E96D559}.Debug|x86.ActiveCfg = Debug|Win32
		{DAADE705-CA8E-454B-8ED8-E6738E96D559}.Debug|x86.Build.0 = Debug|Win32
		{DAADE705-CA8E-454B-8ED8-E6738E96D559}.Release|x64.ActiveCfg = Release|x64
		{DAADE705-CA8E-454B-8ED8-E6738E96D559}.Release|x64.Build.0 = Release|x64
		{DAADE705-CA8E-454B-8ED8-E6738E96D559}.Release|x86.ActiveCfg = Release|Win32
		{DAADE705-CA8E-454B-8ED8-E6738E96D559}.Release|x86.Build.0 = Release|Win32
	EndGlobalSection
	GlobalSection(SolutionProperties) = preSolution
		HideSolutionNode = FALSE
	EndGlobalSection
	GlobalSection(ExtensibilityGlobals) = postSolution
		SolutionGuid = {CF765EEB-1CB2-4207-9616-16ED974F0DFC}
	EndGlobalSection
EndGlobal
